
Microsoft Visual Studio Solution File, Format Version 12.00
# Visual Studio Version 17
VisualStudioVersion = 17.0.32112.339
MinimumVisualStudioVersion = 10.0.40219.1
Project("{FAE04EC0-301F-11D3-BF4B-00C04F79EFBC}") = "WpfApp1", "WpfApp1\WpfApp1.csproj", "{348B0DF6-BA79-4E6F-8A68-4CCE919D48DC}"
EndProject
Global
	GlobalSection(SolutionConfigurationPlatforms) = preSolution
		Debug|Any CPU = Debug|Any CPU
		Release|Any CPU = Release|Any CPU
	EndGlobalSection
	GlobalSection(ProjectConfigurationPlatforms) = postSolution
		{348B0DF6-BA79-4E6F-8A68-4CCE919D48DC}.Debug|Any CPU.ActiveCfg = Debug|Any CPU
		{348B0DF6-BA79-4E6F-8A68-4CCE919D48DC}.Debug|Any CPU.Build.0 = Debug|Any CPU
		{348B0DF6-BA79-4E6F-8A68-4CCE919D48DC}.Release|Any CPU.ActiveCfg = Release|Any CPU
		{348B0DF6-BA79-4E6F-8A68-4CCE919D48DC}.Release|Any CPU.Build.0 = Release|Any CPU
	EndGlobalSection
	GlobalSection(SolutionProperties) = preSolution
		HideSolutionNode = FALSE
	EndGlobalSection
	GlobalSection(ExtensibilityGlobals) = postSolution
		SolutionGuid = {FF2B6D32-BD6A-43DD-9C03-3B02353FCFD9}
	EndGlobalSection
EndGlobal
